// !$*UTF8*$!
{
	archiveVersion = 1;
	classes = {
	};
	objectVersion = 55;
	objects = {

/* Begin PBXBuildFile section */
		FD1CE71028B5245A00A8B3FB /* AppDelegate.swift in Sources */ = {isa = PBXBuildFile; fileRef = FD1CE70F28B5245A00A8B3FB /* AppDelegate.swift */; };
		FD1CE71228B5245A00A8B3FB /* SceneDelegate.swift in Sources */ = {isa = PBXBuildFile; fileRef = FD1CE71128B5245A00A8B3FB /* SceneDelegate.swift */; };
		FD1CE71428B5245A00A8B3FB /* ViewController.swift in Sources */ = {isa = PBXBuildFile; fileRef = FD1CE71328B5245A00A8B3FB /* ViewController.swift */; };
		FD1CE71728B5245A00A8B3FB /* Main.storyboard in Resources */ = {isa = PBXBuildFile; fileRef = FD1CE71528B5245A00A8B3FB /* Main.storyboard */; };
		FD1CE71A28B5245A00A8B3FB /* _823_CoreData_ToDoListApp.xcdatamodeld in Sources */ = {isa = PBXBuildFile; fileRef = FD1CE71828B5245A00A8B3FB /* _823_CoreData_ToDoListApp.xcdatamodeld */; };
		FD1CE71C28B5245C00A8B3FB /* Assets.xcassets in Resources */ = {isa = PBXBuildFile; fileRef = FD1CE71B28B5245C00A8B3FB /* Assets.xcassets */; };
		FD1CE71F28B5245C00A8B3FB /* LaunchScreen.storyboard in Resources */ = {isa = PBXBuildFile; fileRef = FD1CE71D28B5245C00A8B3FB /* LaunchScreen.storyboard */; };
		FD1CE72828B529C700A8B3FB /* ToDoListItem+CoreDataClass.swift in Sources */ = {isa = PBXBuildFile; fileRef = FD1CE72628B529C700A8B3FB /* ToDoListItem+CoreDataClass.swift */; };
		FD1CE72928B529C700A8B3FB /* ToDoList+CoreDataProperties.swift in Sources */ = {isa = PBXBuildFile; fileRef = FD1CE72728B529C700A8B3FB /* ToDoList+CoreDataProperties.swift */; };
/* End PBXBuildFile section */

/* Begin PBXFileReference section */
		FD1CE70C28B5245A00A8B3FB /* 0823-CoreData-ToDoListApp.app */ = {isa = PBXFileReference; explicitFileType = wrapper.application; includeInIndex = 0; path = "0823-CoreData-ToDoListApp.app"; sourceTree = BUILT_PRODUCTS_DIR; };
		FD1CE70F28B5245A00A8B3FB /* AppDelegate.swift */ = {isa = PBXFileReference; lastKnownFileType = sourcecode.swift; path = AppDelegate.swift; sourceTree = "<group>"; };
		FD1CE71128B5245A00A8B3FB /* SceneDelegate.swift */ = {isa = PBXFileReference; lastKnownFileType = sourcecode.swift; path = SceneDelegate.swift; sourceTree = "<group>"; };
		FD1CE71328B5245A00A8B3FB /* ViewController.swift */ = {isa = PBXFileReference; lastKnownFileType = sourcecode.swift; path = ViewController.swift; sourceTree = "<group>"; };
		FD1CE71628B5245A00A8B3FB /* Base */ = {isa = PBXFileReference; lastKnownFileType = file.storyboard; name = Base; path = Base.lproj/Main.storyboard; sourceTree = "<group>"; };
		FD1CE71928B5245A00A8B3FB /* _823_CoreData_ToDoListApp.xcdatamodel */ = {isa = PBXFileReference; lastKnownFileType = wrapper.xcdatamodel; path = _823_CoreData_ToDoListApp.xcdatamodel; sourceTree = "<group>"; };
		FD1CE71B28B5245C00A8B3FB /* Assets.xcassets */ = {isa = PBXFileReference; lastKnownFileType = folder.assetcatalog; path = Assets.xcassets; sourceTree = "<group>"; };
		FD1CE71E28B5245C00A8B3FB /* Base */ = {isa = PBXFileReference; lastKnownFileType = file.storyboard; name = Base; path = Base.lproj/LaunchScreen.storyboard; sourceTree = "<group>"; };
		FD1CE72028B5245C00A8B3FB /* Info.plist */ = {isa = PBXFileReference; lastKnownFileType = text.plist.xml; path = Info.plist; sourceTree = "<group>"; };
		FD1CE72628B529C700A8B3FB /* ToDoListItem+CoreDataClass.swift */ = {isa = PBXFileReference; lastKnownFileType = sourcecode.swift; path = "ToDoListItem+CoreDataClass.swift"; sourceTree = "<group>"; };
		FD1CE72728B529C700A8B3FB /* ToDoList+CoreDataProperties.swift */ = {isa = PBXFileReference; lastKnownFileType = sourcecode.swift; path = "ToDoList+CoreDataProperties.swift"; sourceTree = "<group>"; };
/* End PBXFileReference section */

/* Begin PBXFrameworksBuildPhase section */
		FD1CE70928B5245A00A8B3FB /* Frameworks */ = {
			isa = PBXFrameworksBuildPhase;
			buildActionMask = 2147483647;
			files = (
			);
			runOnlyForDeploymentPostprocessing = 0;
		};
/* End PBXFrameworksBuildPhase section */

/* Begin PBXGroup section */
		FD1CE70328B5245A00A8B3FB = {
			isa = PBXGroup;
			children = (
				FD1CE72A28B52A2A00A8B3FB /* ToDoListItem */,
				FD1CE70E28B5245A00A8B3FB /* 0823-CoreData-ToDoListApp */,
				FD1CE70D28B5245A00A8B3FB /* Products */,
			);
			sourceTree = "<group>";
		};
		FD1CE70D28B5245A00A8B3FB /* Products */ = {
			isa = PBXGroup;
			children = (
				FD1CE70C28B5245A00A8B3FB /* 0823-CoreData-ToDoListApp.app */,
			);
			name = Products;
			sourceTree = "<group>";
		};
		FD1CE70E28B5245A00A8B3FB /* 0823-CoreData-ToDoListApp */ = {
			isa = PBXGroup;
			children = (
				FD1CE70F28B5245A00A8B3FB /* AppDelegate.swift */,
				FD1CE71128B5245A00A8B3FB /* SceneDelegate.swift */,
				FD1CE71328B5245A00A8B3FB /* ViewController.swift */,
				FD1CE71528B5245A00A8B3FB /* Main.storyboard */,
				FD1CE71B28B5245C00A8B3FB /* Assets.xcassets */,
				FD1CE71D28B5245C00A8B3FB /* LaunchScreen.storyboard */,
				FD1CE72028B5245C00A8B3FB /* Info.plist */,
				FD1CE71828B5245A00A8B3FB /* _823_CoreData_ToDoListApp.xcdatamodeld */,
			);
			path = "0823-CoreData-ToDoListApp";
			sourceTree = "<group>";
		};
		FD1CE72A28B52A2A00A8B3FB /* ToDoListItem */ = {
			isa = PBXGroup;
			children = (
				FD1CE72628B529C700A8B3FB /* ToDoListItem+CoreDataClass.swift */,
				FD1CE72728B529C700A8B3FB /* ToDoList+CoreDataProperties.swift */,
			);
			path = ToDoListItem;
			sourceTree = "<group>";
		};
/* End PBXGroup section */

/* Begin PBXNativeTarget section */
		FD1CE70B28B5245A00A8B3FB /* 0823-CoreData-ToDoListApp */ = {
			isa = PBXNativeTarget;
			buildConfigurationList = FD1CE72328B5245C00A8B3FB /* Build configuration list for PBXNativeTarget "0823-CoreData-ToDoListApp" */;
			buildPhases = (
				FD1CE70828B5245A00A8B3FB /* Sources */,
				FD1CE70928B5245A00A8B3FB /* Frameworks */,
				FD1CE70A28B5245A00A8B3FB /* Resources */,
			);
			buildRules = (
			);
			dependencies = (
			);
			name = "0823-CoreData-ToDoListApp";
			productName = "0823-CoreData-ToDoListApp";
			productReference = FD1CE70C28B5245A00A8B3FB /* 0823-CoreData-ToDoListApp.app */;
			productType = "com.apple.product-type.application";
		};
/* End PBXNativeTarget section */

/* Begin PBXProject section */
		FD1CE70428B5245A00A8B3FB /* Project object */ = {
			isa = PBXProject;
			attributes = {
				BuildIndependentTargetsInParallel = 1;
				LastSwiftUpdateCheck = 1340;
				LastUpgradeCheck = 1340;
				TargetAttributes = {
					FD1CE70B28B5245A00A8B3FB = {
						CreatedOnToolsVersion = 13.4.1;
					};
				};
			};
			buildConfigurationList = FD1CE70728B5245A00A8B3FB /* Build configuration list for PBXProject "0823-CoreData-ToDoListApp" */;
			compatibilityVersion = "Xcode 13.0";
			developmentRegion = en;
			hasScannedForEncodings = 0;
			knownRegions = (
				en,
				Base,
			);
			mainGroup = FD1CE70328B5245A00A8B3FB;
			productRefGroup = FD1CE70D28B5245A00A8B3FB /* Products */;
			projectDirPath = "";
			projectRoot = "";
			targets = (
				FD1CE70B28B5245A00A8B3FB /* 0823-CoreData-ToDoListApp */,
			);
		};
/* End PBXProject section */

/* Begin PBXResourcesBuildPhase section */
		FD1CE70A28B5245A00A8B3FB /* Resources */ = {
			isa = PBXResourcesBuildPhase;
			buildActionMask = 2147483647;
			files = (
				FD1CE71F28B5245C00A8B3FB /* LaunchScreen.storyboard in Resources */,
				FD1CE71C28B5245C00A8B3FB /* Assets.xcassets in Resources */,
				FD1CE71728B5245A00A8B3FB /* Main.storyboard in Resources */,
			);
			runOnlyForDeploymentPostprocessing = 0;
		};
/* End PBXResourcesBuildPhase section */

/* Begin PBXSourcesBuildPhase section */
		FD1CE70828B5245A00A8B3FB /* Sources */ = {
			isa = PBXSourcesBuildPhase;
			buildActionMask = 2147483647;
			files = (
				FD1CE71428B5245A00A8B3FB /* ViewController.swift in Sources */,
				FD1CE72828B529C700A8B3FB /* ToDoListItem+CoreDataClass.swift in Sources */,
				FD1CE71028B5245A00A8B3FB /* AppDelegate.swift in Sources */,
				FD1CE71A28B5245A00A8B3FB /* _823_CoreData_ToDoListApp.xcdatamodeld in Sources */,
				FD1CE71228B5245A00A8B3FB /* SceneDelegate.swift in Sources */,
				FD1CE72928B529C700A8B3FB /* ToDoList+CoreDataProperties.swift in Sources */,
			);
			runOnlyForDeploymentPostprocessing = 0;
		};
/* End PBXSourcesBuildPhase section */

/* Begin PBXVariantGroup section */
		FD1CE71528B5245A00A8B3FB /* Main.storyboard */ = {
			isa = PBXVariantGroup;
			children = (
				FD1CE71628B5245A00A8B3FB /* Base */,
			);
			name = Main.storyboard;
			sourceTree = "<group>";
		};
		FD1CE71D28B5245C00A8B3FB /* LaunchScreen.storyboard */ = {
			isa = PBXVariantGroup;
			children = (
				FD1CE71E28B5245C00A8B3FB /* Base */,
			);
			name = LaunchScreen.storyboard;
			sourceTree = "<group>";
		};
/* End PBXVariantGroup section */

/* Begin XCBuildConfiguration section */
		FD1CE72128B5245C00A8B3FB /* Debug */ = {
			isa = XCBuildConfiguration;
			buildSettings = {
				ALWAYS_SEARCH_USER_PATHS = NO;
				CLANG_ANALYZER_NONNULL = YES;
				CLANG_ANALYZER_NUMBER_OBJECT_CONVERSION = YES_AGGRESSIVE;
				CLANG_CXX_LANGUAGE_STANDARD = "gnu++17";
				CLANG_ENABLE_MODULES = YES;
				CLANG_ENABLE_OBJC_ARC = YES;
				CLANG_ENABLE_OBJC_WEAK = YES;
				CLANG_WARN_BLOCK_CAPTURE_AUTORELEASING = YES;
				CLANG_WARN_BOOL_CONVERSION = YES;
				CLANG_WARN_COMMA = YES;
				CLANG_WARN_CONSTANT_CONVERSION = YES;
				CLANG_WARN_DEPRECATED_OBJC_IMPLEMENTATIONS = YES;
				CLANG_WARN_DIRECT_OBJC_ISA_USAGE = YES_ERROR;
				CLANG_WARN_DOCUMENTATION_COMMENTS = YES;
				CLANG_WARN_EMPTY_BODY = YES;
				CLANG_WARN_ENUM_CONVERSION = YES;
				CLANG_WARN_INFINITE_RECURSION = YES;
				CLANG_WARN_INT_CONVERSION = YES;
				CLANG_WARN_NON_LITERAL_NULL_CONVERSION = YES;
				CLANG_WARN_OBJC_IMPLICIT_RETAIN_SELF = YES;
				CLANG_WARN_OBJC_LITERAL_CONVERSION = YES;
				CLANG_WARN_OBJC_ROOT_CLASS = YES_ERROR;
				CLANG_WARN_QUOTED_INCLUDE_IN_FRAMEWORK_HEADER = YES;
				CLANG_WARN_RANGE_LOOP_ANALYSIS = YES;
				CLANG_WARN_STRICT_PROTOTYPES = YES;
				CLANG_WARN_SUSPICIOUS_MOVE = YES;
				CLANG_WARN_UNGUARDED_AVAILABILITY = YES_AGGRESSIVE;
				CLANG_WARN_UNREACHABLE_CODE = YES;
				CLANG_WARN__DUPLICATE_METHOD_MATCH = YES;
				COPY_PHASE_STRIP = NO;
				DEBUG_INFORMATION_FORMAT = dwarf;
				ENABLE_STRICT_OBJC_MSGSEND = YES;
				ENABLE_TESTABILITY = YES;
				GCC_C_LANGUAGE_STANDARD = gnu11;
				GCC_DYNAMIC_NO_PIC = NO;
				GCC_NO_COMMON_BLOCKS = YES;
				GCC_OPTIMIZATION_LEVEL = 0;
				GCC_PREPROCESSOR_DEFINITIONS = (
					"DEBUG=1",
					"$(inherited)",
				);
				GCC_WARN_64_TO_32_BIT_CONVERSION = YES;
				GCC_WARN_ABOUT_RETURN_TYPE = YES_ERROR;
				GCC_WARN_UNDECLARED_SELECTOR = YES;
				GCC_WARN_UNINITIALIZED_AUTOS = YES_AGGRESSIVE;
				GCC_WARN_UNUSED_FUNCTION = YES;
				GCC_WARN_UNUSED_VARIABLE = YES;
				IPHONEOS_DEPLOYMENT_TARGET = 15.5;
				MTL_ENABLE_DEBUG_INFO = INCLUDE_SOURCE;
				MTL_FAST_MATH = YES;
				ONLY_ACTIVE_ARCH = YES;
				SDKROOT = iphoneos;
				SWIFT_ACTIVE_COMPILATION_CONDITIONS = DEBUG;
				SWIFT_OPTIMIZATION_LEVEL = "-Onone";
			};
			name = Debug;
		};
		FD1CE72228B5245C00A8B3FB /* Release */ = {
			isa = XCBuildConfiguration;
			buildSettings = {
				ALWAYS_SEARCH_USER_PATHS = NO;
				CLANG_ANALYZER_NONNULL = YES;
				CLANG_ANALYZER_NUMBER_OBJECT_CONVERSION = YES_AGGRESSIVE;
				CLANG_CXX_LANGUAGE_STANDARD = "gnu++17";
				CLANG_ENABLE_MODULES = YES;
				CLANG_ENABLE_OBJC_ARC = YES;
				CLANG_ENABLE_OBJC_WEAK = YES;
				CLANG_WARN_BLOCK_CAPTURE_AUTORELEASING = YES;
				CLANG_WARN_BOOL_CONVERSION = YES;
				CLANG_WARN_COMMA = YES;
				CLANG_WARN_CONSTANT_CONVERSION = YES;
				CLANG_WARN_DEPRECATED_OBJC_IMPLEMENTATIONS = YES;
				CLANG_WARN_DIRECT_OBJC_ISA_USAGE = YES_ERROR;
				CLANG_WARN_DOCUMENTATION_COMMENTS = YES;
				CLANG_WARN_EMPTY_BODY = YES;
				CLANG_WARN_ENUM_CONVERSION = YES;
				CLANG_WARN_INFINITE_RECURSION = YES;
				CLANG_WARN_INT_CONVERSION = YES;
				CLANG_WARN_NON_LITERAL_NULL_CONVERSION = YES;
				CLANG_WARN_OBJC_IMPLICIT_RETAIN_SELF = YES;
				CLANG_WARN_OBJC_LITERAL_CONVERSION = YES;
				CLANG_WARN_OBJC_ROOT_CLASS = YES_ERROR;
				CLANG_WARN_QUOTED_INCLUDE_IN_FRAMEWORK_HEADER = YES;
				CLANG_WARN_RANGE_LOOP_ANALYSIS = YES;
				CLANG_WARN_STRICT_PROTOTYPES = YES;
				CLANG_WARN_SUSPICIOUS_MOVE = YES;
				CLANG_WARN_UNGUARDED_AVAILABILITY = YES_AGGRESSIVE;
				CLANG_WARN_UNREACHABLE_CODE = YES;
				CLANG_WARN__DUPLICATE_METHOD_MATCH = YES;
				COPY_PHASE_STRIP = NO;
				DEBUG_INFORMATION_FORMAT = "dwarf-with-dsym";
				ENABLE_NS_ASSERTIONS = NO;
				ENABLE_STRICT_OBJC_MSGSEND = YES;
				GCC_C_LANGUAGE_STANDARD = gnu11;
				GCC_NO_COMMON_BLOCKS = YES;
				GCC_WARN_64_TO_32_BIT_CONVERSION = YES;
				GCC_WARN_ABOUT_RETURN_TYPE = YES_ERROR;
				GCC_WARN_UNDECLARED_SELECTOR = YES;
				GCC_WARN_UNINITIALIZED_AUTOS = YES_AGGRESSIVE;
				GCC_WARN_UNUSED_FUNCTION = YES;
				GCC_WARN_UNUSED_VARIABLE = YES;
				IPHONEOS_DEPLOYMENT_TARGET = 15.5;
				MTL_ENABLE_DEBUG_INFO = NO;
				MTL_FAST_MATH = YES;
				SDKROOT = iphoneos;
				SWIFT_COMPILATION_MODE = wholemodule;
				SWIFT_OPTIMIZATION_LEVEL = "-O";
				VALIDATE_PRODUCT = YES;
			};
			name = Release;
		};
		FD1CE72428B5245C00A8B3FB /* Debug */ = {
			isa = XCBuildConfiguration;
			buildSettings = {
				ASSETCATALOG_COMPILER_APPICON_NAME = AppIcon;
				ASSETCATALOG_COMPILER_GLOBAL_ACCENT_COLOR_NAME = AccentColor;
				CODE_SIGN_STYLE = Automatic;
				CURRENT_PROJECT_VERSION = 1;
				DEVELOPMENT_TEAM = 4K2FDLWHBL;
				GENERATE_INFOPLIST_FILE = YES;
				INFOPLIST_FILE = "0823-CoreData-ToDoListApp/Info.plist";
				INFOPLIST_KEY_UIApplicationSupportsIndirectInputEvents = YES;
				INFOPLIST_KEY_UILaunchStoryboardName = LaunchScreen;
				INFOPLIST_KEY_UIMainStoryboardFile = Main;
				INFOPLIST_KEY_UISupportedInterfaceOrientations_iPad = "UIInterfaceOrientationPortrait UIInterfaceOrientationPortraitUpsideDown UIInterfaceOrientationLandscapeLeft UIInterfaceOrientationLandscapeRight";
				INFOPLIST_KEY_UISupportedInterfaceOrientations_iPhone = "UIInterfaceOrientationPortrait UIInterfaceOrientationLandscapeLeft UIInterfaceOrientationLandscapeRight";
				LD_RUNPATH_SEARCH_PATHS = (
					"$(inherited)",
					"@executable_path/Frameworks",
				);
				MARKETING_VERSION = 1.0;
				PRODUCT_BUNDLE_IDENTIFIER = "io.minsson.-823-CoreData-ToDoListApp";
				PRODUCT_NAME = "$(TARGET_NAME)";
				SWIFT_EMIT_LOC_STRINGS = YES;
				SWIFT_VERSION = 5.0;
				TARGETED_DEVICE_FAMILY = "1,2";
			};
			name = Debug;
		};
		FD1CE72528B5245C00A8B3FB /* Release */ = {
			isa = XCBuildConfiguration;
			buildSettings = {
				ASSETCATALOG_COMPILER_APPICON_NAME = AppIcon;
				ASSETCATALOG_COMPILER_GLOBAL_ACCENT_COLOR_NAME = AccentColor;
				CODE_SIGN_STYLE = Automatic;
				CURRENT_PROJECT_VERSION = 1;
				DEVELOPMENT_TEAM = 4K2FDLWHBL;
				GENERATE_INFOPLIST_FILE = YES;
				INFOPLIST_FILE = "0823-CoreData-ToDoListApp/Info.plist";
				INFOPLIST_KEY_UIApplicationSupportsIndirectInputEvents = YES;
				INFOPLIST_KEY_UILaunchStoryboardName = LaunchScreen;
				INFOPLIST_KEY_UIMainStoryboardFile = Main;
				INFOPLIST_KEY_UISupportedInterfaceOrientations_iPad = "UIInterfaceOrientationPortrait UIInterfaceOrientationPortraitUpsideDown UIInterfaceOrientationLandscapeLeft UIInterfaceOrientationLandscapeRight";
				INFOPLIST_KEY_UISupportedInterfaceOrientations_iPhone = "UIInterfaceOrientationPortrait UIInterfaceOrientationLandscapeLeft UIInterfaceOrientationLandscapeRight";
				LD_RUNPATH_SEARCH_PATHS = (
					"$(inherited)",
					"@executable_path/Frameworks",
				);
				MARKETING_VERSION = 1.0;
				PRODUCT_BUNDLE_IDENTIFIER = "io.minsson.-823-CoreData-ToDoListApp";
				PRODUCT_NAME = "$(TARGET_NAME)";
				SWIFT_EMIT_LOC_STRINGS = YES;
				SWIFT_VERSION = 5.0;
				TARGETED_DEVICE_FAMILY = "1,2";
			};
			name = Release;
		};
/* End XCBuildConfiguration section */

/* Begin XCConfigurationList section */
		FD1CE70728B5245A00A8B3FB /* Build configuration list for PBXProject "0823-CoreData-ToDoListApp" */ = {
			isa = XCConfigurationList;
			buildConfigurations = (
				FD1CE72128B5245C00A8B3FB /* Debug */,
				FD1CE72228B5245C00A8B3FB /* Release */,
			);
			defaultConfigurationIsVisible = 0;
			defaultConfigurationName = Release;
		};
		FD1CE72328B5245C00A8B3FB /* Build configuration list for PBXNativeTarget "0823-CoreData-ToDoListApp" */ = {
			isa = XCConfigurationList;
			buildConfigurations = (
				FD1CE72428B5245C00A8B3FB /* Debug */,
				FD1CE72528B5245C00A8B3FB /* Release */,
			);
			defaultConfigurationIsVisible = 0;
			defaultConfigurationName = Release;
		};
/* End XCConfigurationList section */

/* Begin XCVersionGroup section */
		FD1CE71828B5245A00A8B3FB /* _823_CoreData_ToDoListApp.xcdatamodeld */ = {
			isa = XCVersionGroup;
			children = (
				FD1CE71928B5245A00A8B3FB /* _823_CoreData_ToDoListApp.xcdatamodel */,
			);
			currentVersion = FD1CE71928B5245A00A8B3FB /* _823_CoreData_ToDoListApp.xcdatamodel */;
			path = _823_CoreData_ToDoListApp.xcdatamodeld;
			sourceTree = "<group>";
			versionGroupType = wrapper.xcdatamodel;
		};
/* End XCVersionGroup section */
	};
	rootObject = FD1CE70428B5245A00A8B3FB /* Project object */;
}
